
Microsoft Visual Studio Solution File, Format Version 12.00
# Visual Studio 15
VisualStudioVersion = 15.0.28010.2041
MinimumVisualStudioVersion = 10.0.40219.1
Project("{FAE04EC0-301F-11D3-BF4B-00C04F79EFBC}") = "Log4Redis", "Log4Redis\Log4Redis.csproj", "{421EAB8C-97F6-4E2C-80C5-E3DE0FA38269}"
EndProject
Global
	GlobalSection(SolutionConfigurationPlatforms) = preSolution
		Debug|Any CPU = Debug|Any CPU
		Release|Any CPU = Release|Any CPU
	EndGlobalSection
	GlobalSection(ProjectConfigurationPlatforms) = postSolution
		{421EAB8C-97F6-4E2C-80C5-E3DE0FA38269}.Debug|Any CPU.ActiveCfg = Debug|Any CPU
		{421EAB8C-97F6-4E2C-80C5-E3DE0FA38269}.Debug|Any CPU.Build.0 = Debug|Any CPU
		{421EAB8C-97F6-4E2C-80C5-E3DE0FA38269}.Release|Any CPU.ActiveCfg = Release|Any CPU
		{421EAB8C-97F6-4E2C-80C5-E3DE0FA38269}.Release|Any CPU.Build.0 = Release|Any CPU
	EndGlobalSection
	GlobalSection(SolutionProperties) = preSolution
		HideSolutionNode = FALSE
	EndGlobalSection
	GlobalSection(ExtensibilityGlobals) = postSolution
		SolutionGuid = {4DFCF514-769B-4FE4-9960-6AE6434E0F80}
	EndGlobalSection
EndGlobal
