
Microsoft Visual Studio Solution File, Format Version 12.00
# Visual Studio 15
VisualStudioVersion = 15.0.28010.2041
MinimumVisualStudioVersion = 10.0.40219.1
Project("{FAE04EC0-301F-11D3-BF4B-00C04F79EFBC}") = "Log4Redis", "Log4Redis\Log4Redis.csproj", "{421EAB8C-97F6-4E2C-80C5-E3DE0FA38269}"
EndProject
Project("{FAE04EC0-301F-11D3-BF4B-00C04F79EFBC}") = "Log4RedisTests", "Log4RedisTests\Log4RedisTests.csproj", "{E903E181-E3C0-4091-83AE-499EC60AABF9}"
EndProject
Project("{FAE04EC0-301F-11D3-BF4B-00C04F79EFBC}") = "ConsoleApp1", "ConsoleApp1\ConsoleApp1.csproj", "{DA9B0307-3C55-4686-8495-CE2AE940B1F7}"
EndProject
Global
	GlobalSection(SolutionConfigurationPlatforms) = preSolution
		Debug|Any CPU = Debug|Any CPU
		Release|Any CPU = Release|Any CPU
	EndGlobalSection
	GlobalSection(ProjectConfigurationPlatforms) = postSolution
		{421EAB8C-97F6-4E2C-80C5-E3DE0FA38269}.Debug|Any CPU.ActiveCfg = Debug|Any CPU
		{421EAB8C-97F6-4E2C-80C5-E3DE0FA38269}.Debug|Any CPU.Build.0 = Debug|Any CPU
		{421EAB8C-97F6-4E2C-80C5-E3DE0FA38269}.Release|Any CPU.ActiveCfg = Release|Any CPU
		{421EAB8C-97F6-4E2C-80C5-E3DE0FA38269}.Release|Any CPU.Build.0 = Release|Any CPU
		{E903E181-E3C0-4091-83AE-499EC60AABF9}.Debug|Any CPU.ActiveCfg = Debug|Any CPU
		{E903E181-E3C0-4091-83AE-499EC60AABF9}.Debug|Any CPU.Build.0 = Debug|Any CPU
		{E903E181-E3C0-4091-83AE-499EC60AABF9}.Release|Any CPU.ActiveCfg = Release|Any CPU
		{E903E181-E3C0-4091-83AE-499EC60AABF9}.Release|Any CPU.Build.0 = Release|Any CPU
		{DA9B0307-3C55-4686-8495-CE2AE940B1F7}.Debug|Any CPU.ActiveCfg = Debug|Any CPU
		{DA9B0307-3C55-4686-8495-CE2AE940B1F7}.Debug|Any CPU.Build.0 = Debug|Any CPU
		{DA9B0307-3C55-4686-8495-CE2AE940B1F7}.Release|Any CPU.ActiveCfg = Release|Any CPU
		{DA9B0307-3C55-4686-8495-CE2AE940B1F7}.Release|Any CPU.Build.0 = Release|Any CPU
	EndGlobalSection
	GlobalSection(SolutionProperties) = preSolution
		HideSolutionNode = FALSE
	EndGlobalSection
	GlobalSection(ExtensibilityGlobals) = postSolution
		SolutionGuid = {4DFCF514-769B-4FE4-9960-6AE6434E0F80}
	EndGlobalSection
EndGlobal
